{
  "version": 4,
  "terraform_version": "0.14.4",
  "serial": 18,
  "lineage": "933a58d9-9754-5980-b470-a49accf3df5e",
  "outputs": {
    "kafka-ip": {
      "value": "35.186.152.43",
      "type": "string"
    },
    "sql1-ip": {
      "value": "35.247.185.216",
      "type": "string"
    },
    "sql2-ip": {
      "value": "34.87.94.61",
      "type": "string"
    }
  },
  "resources": [
    {
      "mode": "managed",
      "type": "google_compute_firewall",
      "name": "kafka-fw",
      "provider": "provider[\"registry.terraform.io/hashicorp/google\"]",
      "instances": [
        {
          "schema_version": 1,
          "attributes": {
            "allow": [
              {
                "ports": [
                  "3306"
                ],
                "protocol": "tcp"
              },
              {
                "ports": [
                  "9092"
                ],
                "protocol": "tcp"
              },
              {
                "ports": [],
                "protocol": "icmp"
              }
            ],
            "creation_timestamp": "2021-01-26T01:06:00.506-08:00",
            "deny": [],
            "description": "",
            "destination_ranges": [],
            "direction": "INGRESS",
            "disabled": false,
            "enable_logging": null,
            "id": "projects/dark-depth-298212/global/firewalls/kafka-rule",
            "log_config": [],
            "name": "kafka-rule",
            "network": "https://www.googleapis.com/compute/v1/projects/dark-depth-298212/global/networks/default",
            "priority": 1000,
            "project": "dark-depth-298212",
            "self_link": "https://www.googleapis.com/compute/v1/projects/dark-depth-298212/global/firewalls/kafka-rule",
            "source_ranges": [
              "0.0.0.0/0"
            ],
            "source_service_accounts": null,
            "source_tags": null,
            "target_service_accounts": null,
            "target_tags": null,
            "timeouts": null
          },
          "sensitive_attributes": [],
          "private": "eyJlMmJmYjczMC1lY2FhLTExZTYtOGY4OC0zNDM2M2JjN2M0YzAiOnsiY3JlYXRlIjoyNDAwMDAwMDAwMDAsImRlbGV0ZSI6MjQwMDAwMDAwMDAwLCJ1cGRhdGUiOjI0MDAwMDAwMDAwMH0sInNjaGVtYV92ZXJzaW9uIjoiMSJ9"
        }
      ]
    },
    {
      "mode": "managed",
      "type": "google_compute_instance",
      "name": "kafka",
      "provider": "provider[\"registry.terraform.io/hashicorp/google\"]",
      "instances": [
        {
          "schema_version": 6,
          "attributes": {
            "allow_stopping_for_update": null,
            "attached_disk": [],
            "boot_disk": [
              {
                "auto_delete": true,
                "device_name": "persistent-disk-0",
                "disk_encryption_key_raw": "",
                "disk_encryption_key_sha256": "",
                "initialize_params": [
                  {
                    "image": "https://www.googleapis.com/compute/v1/projects/ubuntu-os-cloud/global/images/ubuntu-1804-bionic-v20210119a",
                    "labels": {},
                    "size": 10,
                    "type": "pd-standard"
                  }
                ],
                "kms_key_self_link": "",
                "mode": "READ_WRITE",
                "source": "https://www.googleapis.com/compute/v1/projects/dark-depth-298212/zones/asia-southeast1-a/disks/kafka-vm-fdb48fe93e8ce211"
              }
            ],
            "can_ip_forward": false,
            "confidential_instance_config": [],
            "cpu_platform": "Intel Broadwell",
            "current_status": "RUNNING",
            "deletion_protection": false,
            "description": "",
            "desired_status": null,
            "enable_display": false,
            "guest_accelerator": [],
            "hostname": "",
            "id": "projects/dark-depth-298212/zones/asia-southeast1-a/instances/kafka-vm-fdb48fe93e8ce211",
            "instance_id": "6110388789113415062",
            "label_fingerprint": "42WmSpB8rSM=",
            "labels": null,
            "machine_type": "e2-standard-2",
            "metadata": {
              "ssh-keys": "chris:ssh-rsa AAAAB3NzaC1yc2EAAAADAQABAAABgQCrh177DfmGJV++Y+WsZRPM6x2ZT5fQ4v01Jn0SXbQTCPYa7StgcsaYmW+ZPmsVDrkXl+AiNwFLL4lky6tgjnSzZIU8bd+YRmc8Qa3IY0G/tF8n3EFKkhe+i4wQKu/oN0zSYiydxNCnNd7a5IZ6GNMrkis+Kq1T9l0pDixHHABcGD964htS5drlQd89zoOJ1BmWMvATwJISTsVDMuVnkexJmBiTGzMhmY8Dbso5cbzCL776H4c6eyVlH2JfLctNGxfPJOh5fbZt+/zLEOvarCjSEx+l9agf2JvxBwUdTbLtR50oxL10m5xGy+hSTZJMU6PcURPIziQuD3I+BQGk3cgKo5e8oRn0eUpOuWKyem3XX5rp4KHjXZEHnWkimg1kCPvZ6fV9fRxNy+QUTc2NtnJbS70YlLmjGHYG9mBlO0UiDBb635W+ld172Q7mt8nweW5RHKQFjih3DCrxA+GmrGpzdWx6HpPNVquUuhHOMhdHMue5HF7iFsJPfOMnjScK7sU= chris@eva\n"
            },
            "metadata_fingerprint": "svJjZ5qMMUo=",
            "metadata_startup_script": "#Uninstall old versions\nsudo apt-get remove docker docker-engine docker.io containerd runc\n\n#Install Docker CE\nsudo apt-get update\nsudo apt-get install -y \\\n    apt-transport-https \\\n    ca-certificates \\\n    curl \\\n    gnupg-agent \\\n    software-properties-common\ncurl -fsSL https://download.docker.com/linux/ubuntu/gpg | sudo apt-key add -\nsudo apt-key fingerprint 0EBFCD88\nsudo add-apt-repository \\\n   \"deb [arch=amd64] https://download.docker.com/linux/ubuntu \\\n   $(lsb_release -cs) \\\n   stable\"\nsudo apt-get update\nsudo apt-get install -y docker-ce docker-ce-cli containerd.io\nsudo usermod -a -G docker $USER\n\n#Install Docker Compose\nsudo curl -L \"https://github.com/docker/compose/releases/download/1.24.0/docker-compose-$(uname -s)-$(uname -m)\" -o /usr/local/bin/docker-compose\nsudo chmod +x /usr/local/bin/docker-compose\ndocker-compose --version\n\n#start dockerd\nsudo dockerd\n\n#pull git repo\ngit clone https://github.com/limitpointinf0/cdc-kafka-example.git",
            "min_cpu_platform": "",
            "name": "kafka-vm-fdb48fe93e8ce211",
            "network_interface": [
              {
                "access_config": [
                  {
                    "nat_ip": "35.186.152.43",
                    "network_tier": "PREMIUM",
                    "public_ptr_domain_name": ""
                  }
                ],
                "alias_ip_range": [],
                "name": "nic0",
                "network": "https://www.googleapis.com/compute/v1/projects/dark-depth-298212/global/networks/default",
                "network_ip": "10.148.15.219",
                "subnetwork": "https://www.googleapis.com/compute/v1/projects/dark-depth-298212/regions/asia-southeast1/subnetworks/default",
                "subnetwork_project": "dark-depth-298212"
              }
            ],
            "project": "dark-depth-298212",
            "resource_policies": null,
            "scheduling": [
              {
                "automatic_restart": true,
                "node_affinities": [],
                "on_host_maintenance": "MIGRATE",
                "preemptible": false
              }
            ],
            "scratch_disk": [],
            "self_link": "https://www.googleapis.com/compute/v1/projects/dark-depth-298212/zones/asia-southeast1-a/instances/kafka-vm-fdb48fe93e8ce211",
            "service_account": [],
            "shielded_instance_config": [
              {
                "enable_integrity_monitoring": true,
                "enable_secure_boot": false,
                "enable_vtpm": true
              }
            ],
            "tags": null,
            "tags_fingerprint": "42WmSpB8rSM=",
            "timeouts": null,
            "zone": "asia-southeast1-a"
          },
          "sensitive_attributes": [],
          "private": "eyJlMmJmYjczMC1lY2FhLTExZTYtOGY4OC0zNDM2M2JjN2M0YzAiOnsiY3JlYXRlIjoxMjAwMDAwMDAwMDAwLCJkZWxldGUiOjEyMDAwMDAwMDAwMDAsInVwZGF0ZSI6MTIwMDAwMDAwMDAwMH0sInNjaGVtYV92ZXJzaW9uIjoiNiJ9",
          "dependencies": [
            "random_id.instance_id"
          ]
        }
      ]
    },
    {
      "mode": "managed",
      "type": "google_compute_instance",
      "name": "sql1",
      "provider": "provider[\"registry.terraform.io/hashicorp/google\"]",
      "instances": [
        {
          "schema_version": 6,
          "attributes": {
            "allow_stopping_for_update": null,
            "attached_disk": [],
            "boot_disk": [
              {
                "auto_delete": true,
                "device_name": "persistent-disk-0",
                "disk_encryption_key_raw": "",
                "disk_encryption_key_sha256": "",
                "initialize_params": [
                  {
                    "image": "https://www.googleapis.com/compute/v1/projects/ubuntu-os-cloud/global/images/ubuntu-1804-bionic-v20210119a",
                    "labels": {},
                    "size": 10,
                    "type": "pd-standard"
                  }
                ],
                "kms_key_self_link": "",
                "mode": "READ_WRITE",
                "source": "https://www.googleapis.com/compute/v1/projects/dark-depth-298212/zones/asia-southeast1-a/disks/sql1-vm-fdb48fe93e8ce211"
              }
            ],
            "can_ip_forward": false,
            "confidential_instance_config": [],
            "cpu_platform": "Intel Broadwell",
            "current_status": "RUNNING",
            "deletion_protection": false,
            "description": "",
            "desired_status": null,
            "enable_display": false,
            "guest_accelerator": [],
            "hostname": "",
            "id": "projects/dark-depth-298212/zones/asia-southeast1-a/instances/sql1-vm-fdb48fe93e8ce211",
            "instance_id": "7040121515024737685",
            "label_fingerprint": "42WmSpB8rSM=",
            "labels": null,
            "machine_type": "e2-standard-2",
            "metadata": {
              "ssh-keys": "chris:ssh-rsa AAAAB3NzaC1yc2EAAAADAQABAAABgQCrh177DfmGJV++Y+WsZRPM6x2ZT5fQ4v01Jn0SXbQTCPYa7StgcsaYmW+ZPmsVDrkXl+AiNwFLL4lky6tgjnSzZIU8bd+YRmc8Qa3IY0G/tF8n3EFKkhe+i4wQKu/oN0zSYiydxNCnNd7a5IZ6GNMrkis+Kq1T9l0pDixHHABcGD964htS5drlQd89zoOJ1BmWMvATwJISTsVDMuVnkexJmBiTGzMhmY8Dbso5cbzCL776H4c6eyVlH2JfLctNGxfPJOh5fbZt+/zLEOvarCjSEx+l9agf2JvxBwUdTbLtR50oxL10m5xGy+hSTZJMU6PcURPIziQuD3I+BQGk3cgKo5e8oRn0eUpOuWKyem3XX5rp4KHjXZEHnWkimg1kCPvZ6fV9fRxNy+QUTc2NtnJbS70YlLmjGHYG9mBlO0UiDBb635W+ld172Q7mt8nweW5RHKQFjih3DCrxA+GmrGpzdWx6HpPNVquUuhHOMhdHMue5HF7iFsJPfOMnjScK7sU= chris@eva\n"
            },
            "metadata_fingerprint": "svJjZ5qMMUo=",
            "metadata_startup_script": "#Uninstall old versions\nsudo apt-get remove docker docker-engine docker.io containerd runc\n\n#Install Docker CE\nsudo apt-get update\nsudo apt-get install -y \\\n    apt-transport-https \\\n    ca-certificates \\\n    curl \\\n    gnupg-agent \\\n    software-properties-common\ncurl -fsSL https://download.docker.com/linux/ubuntu/gpg | sudo apt-key add -\nsudo apt-key fingerprint 0EBFCD88\nsudo add-apt-repository \\\n   \"deb [arch=amd64] https://download.docker.com/linux/ubuntu \\\n   $(lsb_release -cs) \\\n   stable\"\nsudo apt-get update\nsudo apt-get install -y docker-ce docker-ce-cli containerd.io\nsudo usermod -a -G docker $USER\n\n#Install Docker Compose\nsudo curl -L \"https://github.com/docker/compose/releases/download/1.24.0/docker-compose-$(uname -s)-$(uname -m)\" -o /usr/local/bin/docker-compose\nsudo chmod +x /usr/local/bin/docker-compose\ndocker-compose --version\n\n#start dockerd\nsudo dockerd\n\n#pull git repo\ngit clone https://github.com/limitpointinf0/cdc-kafka-example.git",
            "min_cpu_platform": "",
            "name": "sql1-vm-fdb48fe93e8ce211",
            "network_interface": [
              {
                "access_config": [
                  {
                    "nat_ip": "35.247.185.216",
                    "network_tier": "PREMIUM",
                    "public_ptr_domain_name": ""
                  }
                ],
                "alias_ip_range": [],
                "name": "nic0",
                "network": "https://www.googleapis.com/compute/v1/projects/dark-depth-298212/global/networks/default",
                "network_ip": "10.148.15.221",
                "subnetwork": "https://www.googleapis.com/compute/v1/projects/dark-depth-298212/regions/asia-southeast1/subnetworks/default",
                "subnetwork_project": "dark-depth-298212"
              }
            ],
            "project": "dark-depth-298212",
            "resource_policies": null,
            "scheduling": [
              {
                "automatic_restart": true,
                "node_affinities": [],
                "on_host_maintenance": "MIGRATE",
                "preemptible": false
              }
            ],
            "scratch_disk": [],
            "self_link": "https://www.googleapis.com/compute/v1/projects/dark-depth-298212/zones/asia-southeast1-a/instances/sql1-vm-fdb48fe93e8ce211",
            "service_account": [],
            "shielded_instance_config": [
              {
                "enable_integrity_monitoring": true,
                "enable_secure_boot": false,
                "enable_vtpm": true
              }
            ],
            "tags": null,
            "tags_fingerprint": "42WmSpB8rSM=",
            "timeouts": null,
            "zone": "asia-southeast1-a"
          },
          "sensitive_attributes": [],
          "private": "eyJlMmJmYjczMC1lY2FhLTExZTYtOGY4OC0zNDM2M2JjN2M0YzAiOnsiY3JlYXRlIjoxMjAwMDAwMDAwMDAwLCJkZWxldGUiOjEyMDAwMDAwMDAwMDAsInVwZGF0ZSI6MTIwMDAwMDAwMDAwMH0sInNjaGVtYV92ZXJzaW9uIjoiNiJ9",
          "dependencies": [
            "random_id.instance_id"
          ]
        }
      ]
    },
    {
      "mode": "managed",
      "type": "google_compute_instance",
      "name": "sql2",
      "provider": "provider[\"registry.terraform.io/hashicorp/google\"]",
      "instances": [
        {
          "schema_version": 6,
          "attributes": {
            "allow_stopping_for_update": null,
            "attached_disk": [],
            "boot_disk": [
              {
                "auto_delete": true,
                "device_name": "persistent-disk-0",
                "disk_encryption_key_raw": "",
                "disk_encryption_key_sha256": "",
                "initialize_params": [
                  {
                    "image": "https://www.googleapis.com/compute/v1/projects/ubuntu-os-cloud/global/images/ubuntu-1804-bionic-v20210119a",
                    "labels": {},
                    "size": 10,
                    "type": "pd-standard"
                  }
                ],
                "kms_key_self_link": "",
                "mode": "READ_WRITE",
                "source": "https://www.googleapis.com/compute/v1/projects/dark-depth-298212/zones/asia-southeast1-a/disks/sql2-vm-fdb48fe93e8ce211"
              }
            ],
            "can_ip_forward": false,
            "confidential_instance_config": [],
            "cpu_platform": "Intel Broadwell",
            "current_status": "RUNNING",
            "deletion_protection": false,
            "description": "",
            "desired_status": null,
            "enable_display": false,
            "guest_accelerator": [],
            "hostname": "",
            "id": "projects/dark-depth-298212/zones/asia-southeast1-a/instances/sql2-vm-fdb48fe93e8ce211",
            "instance_id": "7596578822219261334",
            "label_fingerprint": "42WmSpB8rSM=",
            "labels": null,
            "machine_type": "e2-standard-2",
            "metadata": {
              "ssh-keys": "chris:ssh-rsa AAAAB3NzaC1yc2EAAAADAQABAAABgQCrh177DfmGJV++Y+WsZRPM6x2ZT5fQ4v01Jn0SXbQTCPYa7StgcsaYmW+ZPmsVDrkXl+AiNwFLL4lky6tgjnSzZIU8bd+YRmc8Qa3IY0G/tF8n3EFKkhe+i4wQKu/oN0zSYiydxNCnNd7a5IZ6GNMrkis+Kq1T9l0pDixHHABcGD964htS5drlQd89zoOJ1BmWMvATwJISTsVDMuVnkexJmBiTGzMhmY8Dbso5cbzCL776H4c6eyVlH2JfLctNGxfPJOh5fbZt+/zLEOvarCjSEx+l9agf2JvxBwUdTbLtR50oxL10m5xGy+hSTZJMU6PcURPIziQuD3I+BQGk3cgKo5e8oRn0eUpOuWKyem3XX5rp4KHjXZEHnWkimg1kCPvZ6fV9fRxNy+QUTc2NtnJbS70YlLmjGHYG9mBlO0UiDBb635W+ld172Q7mt8nweW5RHKQFjih3DCrxA+GmrGpzdWx6HpPNVquUuhHOMhdHMue5HF7iFsJPfOMnjScK7sU= chris@eva\n"
            },
            "metadata_fingerprint": "svJjZ5qMMUo=",
            "metadata_startup_script": "#Uninstall old versions\nsudo apt-get remove docker docker-engine docker.io containerd runc\n\n#Install Docker CE\nsudo apt-get update\nsudo apt-get install -y \\\n    apt-transport-https \\\n    ca-certificates \\\n    curl \\\n    gnupg-agent \\\n    software-properties-common\ncurl -fsSL https://download.docker.com/linux/ubuntu/gpg | sudo apt-key add -\nsudo apt-key fingerprint 0EBFCD88\nsudo add-apt-repository \\\n   \"deb [arch=amd64] https://download.docker.com/linux/ubuntu \\\n   $(lsb_release -cs) \\\n   stable\"\nsudo apt-get update\nsudo apt-get install -y docker-ce docker-ce-cli containerd.io\nsudo usermod -a -G docker $USER\n\n#Install Docker Compose\nsudo curl -L \"https://github.com/docker/compose/releases/download/1.24.0/docker-compose-$(uname -s)-$(uname -m)\" -o /usr/local/bin/docker-compose\nsudo chmod +x /usr/local/bin/docker-compose\ndocker-compose --version\n\n#start dockerd\nsudo dockerd\n\n#pull git repo\ngit clone https://github.com/limitpointinf0/cdc-kafka-example.git",
            "min_cpu_platform": "",
            "name": "sql2-vm-fdb48fe93e8ce211",
            "network_interface": [
              {
                "access_config": [
                  {
                    "nat_ip": "34.87.94.61",
                    "network_tier": "PREMIUM",
                    "public_ptr_domain_name": ""
                  }
                ],
                "alias_ip_range": [],
                "name": "nic0",
                "network": "https://www.googleapis.com/compute/v1/projects/dark-depth-298212/global/networks/default",
                "network_ip": "10.148.15.220",
                "subnetwork": "https://www.googleapis.com/compute/v1/projects/dark-depth-298212/regions/asia-southeast1/subnetworks/default",
                "subnetwork_project": "dark-depth-298212"
              }
            ],
            "project": "dark-depth-298212",
            "resource_policies": null,
            "scheduling": [
              {
                "automatic_restart": true,
                "node_affinities": [],
                "on_host_maintenance": "MIGRATE",
                "preemptible": false
              }
            ],
            "scratch_disk": [],
            "self_link": "https://www.googleapis.com/compute/v1/projects/dark-depth-298212/zones/asia-southeast1-a/instances/sql2-vm-fdb48fe93e8ce211",
            "service_account": [],
            "shielded_instance_config": [
              {
                "enable_integrity_monitoring": true,
                "enable_secure_boot": false,
                "enable_vtpm": true
              }
            ],
            "tags": null,
            "tags_fingerprint": "42WmSpB8rSM=",
            "timeouts": null,
            "zone": "asia-southeast1-a"
          },
          "sensitive_attributes": [],
          "private": "eyJlMmJmYjczMC1lY2FhLTExZTYtOGY4OC0zNDM2M2JjN2M0YzAiOnsiY3JlYXRlIjoxMjAwMDAwMDAwMDAwLCJkZWxldGUiOjEyMDAwMDAwMDAwMDAsInVwZGF0ZSI6MTIwMDAwMDAwMDAwMH0sInNjaGVtYV92ZXJzaW9uIjoiNiJ9",
          "dependencies": [
            "random_id.instance_id"
          ]
        }
      ]
    },
    {
      "mode": "managed",
      "type": "random_id",
      "name": "instance_id",
      "provider": "provider[\"registry.terraform.io/hashicorp/random\"]",
      "instances": [
        {
          "schema_version": 0,
          "attributes": {
            "b64_std": "/bSP6T6M4hE=",
            "b64_url": "_bSP6T6M4hE",
            "byte_length": 8,
            "dec": "18281395019343258129",
            "hex": "fdb48fe93e8ce211",
            "id": "_bSP6T6M4hE",
            "keepers": null,
            "prefix": null
          },
          "sensitive_attributes": [],
          "private": "bnVsbA=="
        }
      ]
    }
  ]
}
